
Microsoft Visual Studio Solution File, Format Version 12.00
# Visual Studio Version 17
VisualStudioVersion = 17.0.31912.275
MinimumVisualStudioVersion = 10.0.40219.1
Project("{FAE04EC0-301F-11D3-BF4B-00C04F79EFBC}") = "StudentManagementAPI", "StudentManagementAPI.csproj", "{7AEB6CD5-F402-4119-AD6F-9D9EC013E14F}"
EndProject
Global
	GlobalSection(SolutionConfigurationPlatforms) = preSolution
		Debug|Any CPU = Debug|Any CPU
		Release|Any CPU = Release|Any CPU
	EndGlobalSection
	GlobalSection(ProjectConfigurationPlatforms) = postSolution
		{7AEB6CD5-F402-4119-AD6F-9D9EC013E14F}.Debug|Any CPU.ActiveCfg = Debug|Any CPU
		{7AEB6CD5-F402-4119-AD6F-9D9EC013E14F}.Debug|Any CPU.Build.0 = Debug|Any CPU
		{7AEB6CD5-F402-4119-AD6F-9D9EC013E14F}.Release|Any CPU.ActiveCfg = Release|Any CPU
		{7AEB6CD5-F402-4119-AD6F-9D9EC013E14F}.Release|Any CPU.Build.0 = Release|Any CPU
	EndGlobalSection
	GlobalSection(SolutionProperties) = preSolution
		HideSolutionNode = FALSE
	EndGlobalSection
	GlobalSection(ExtensibilityGlobals) = postSolution
		SolutionGuid = {5F886B98-27C3-4F31-94EB-D231DC6DE42E}
	EndGlobalSection
EndGlobal
